
Microsoft Visual Studio Solution File, Format Version 12.00
# Visual Studio Version 17
VisualStudioVersion = 17.2.32616.157
MinimumVisualStudioVersion = 10.0.40219.1
Project("{9A19103F-16F7-4668-BE54-9A1E7A4F7556}") = "Projet_scientifique_Yannis_Andre_Emeric_Barbot_Come_Alexandre", "Projet_scientifique_Yannis_Andre_Emeric_Barbot_Come_Alexandre.csproj", "{1D177734-3574-4C06-B663-10F3AC88D51D}"
EndProject
Project("{FAE04EC0-301F-11D3-BF4B-00C04F79EFBC}") = "TestsUnitaires", "..\TestsUnitaires\TestsUnitaires.csproj", "{864A8D1E-BB42-404C-B11E-DEE32DBDA177}"
EndProject
Global
	GlobalSection(SolutionConfigurationPlatforms) = preSolution
		Debug|Any CPU = Debug|Any CPU
		Release|Any CPU = Release|Any CPU
	EndGlobalSection
	GlobalSection(ProjectConfigurationPlatforms) = postSolution
		{1D177734-3574-4C06-B663-10F3AC88D51D}.Debug|Any CPU.ActiveCfg = Debug|Any CPU
		{1D177734-3574-4C06-B663-10F3AC88D51D}.Debug|Any CPU.Build.0 = Debug|Any CPU
		{1D177734-3574-4C06-B663-10F3AC88D51D}.Release|Any CPU.ActiveCfg = Release|Any CPU
		{1D177734-3574-4C06-B663-10F3AC88D51D}.Release|Any CPU.Build.0 = Release|Any CPU
		{864A8D1E-BB42-404C-B11E-DEE32DBDA177}.Debug|Any CPU.ActiveCfg = Debug|Any CPU
		{864A8D1E-BB42-404C-B11E-DEE32DBDA177}.Debug|Any CPU.Build.0 = Debug|Any CPU
		{864A8D1E-BB42-404C-B11E-DEE32DBDA177}.Release|Any CPU.ActiveCfg = Release|Any CPU
		{864A8D1E-BB42-404C-B11E-DEE32DBDA177}.Release|Any CPU.Build.0 = Release|Any CPU
	EndGlobalSection
	GlobalSection(SolutionProperties) = preSolution
		HideSolutionNode = FALSE
	EndGlobalSection
	GlobalSection(ExtensibilityGlobals) = postSolution
		SolutionGuid = {6C00FB5D-EC3E-4B7C-85AC-8BAB12D4B688}
	EndGlobalSection
EndGlobal
